
Microsoft Visual Studio Solution File, Format Version 12.00
# Visual Studio Version 16
VisualStudioVersion = 16.0.30517.126
MinimumVisualStudioVersion = 10.0.40219.1
Project("{9092AA53-FB77-4645-B42D-1CCCA6BD08BD}") = "Entropia", "Entropia\Entropia.njsproj", "{59EAAAF2-D419-414E-9990-84182BC8C0E5}"
EndProject
Global
	GlobalSection(SolutionConfigurationPlatforms) = preSolution
		Debug|Any CPU = Debug|Any CPU
		Release|Any CPU = Release|Any CPU
	EndGlobalSection
	GlobalSection(ProjectConfigurationPlatforms) = postSolution
		{59EAAAF2-D419-414E-9990-84182BC8C0E5}.Debug|Any CPU.ActiveCfg = Debug|Any CPU
		{59EAAAF2-D419-414E-9990-84182BC8C0E5}.Debug|Any CPU.Build.0 = Debug|Any CPU
		{59EAAAF2-D419-414E-9990-84182BC8C0E5}.Release|Any CPU.ActiveCfg = Release|Any CPU
		{59EAAAF2-D419-414E-9990-84182BC8C0E5}.Release|Any CPU.Build.0 = Release|Any CPU
	EndGlobalSection
	GlobalSection(SolutionProperties) = preSolution
		HideSolutionNode = FALSE
	EndGlobalSection
	GlobalSection(ExtensibilityGlobals) = postSolution
		SolutionGuid = {0CB11B11-114E-499D-BF7D-25EB77390026}
	EndGlobalSection
EndGlobal
